
Microsoft Visual Studio Solution File, Format Version 12.00
# Visual Studio 15
VisualStudioVersion = 15.0.28307.705
MinimumVisualStudioVersion = 10.0.40219.1
Project("{9A19103F-16F7-4668-BE54-9A1E7A4F7556}") = "react002", "react002\react002.csproj", "{84F55A67-E2DA-4590-8F39-3F283A5136B9}"
EndProject
Project("{9A19103F-16F7-4668-BE54-9A1E7A4F7556}") = "angular001", "angular001\angular001\angular001.csproj", "{1C3807C8-E2A9-406B-B11A-D5A7F25539B5}"
EndProject
Project("{9A19103F-16F7-4668-BE54-9A1E7A4F7556}") = "DAL", "angular001\DAL\DAL.csproj", "{BECE2694-9FD6-4330-A902-0283D2718ED9}"
EndProject
Global
	GlobalSection(SolutionConfigurationPlatforms) = preSolution
		Debug|Any CPU = Debug|Any CPU
		Release|Any CPU = Release|Any CPU
	EndGlobalSection
	GlobalSection(ProjectConfigurationPlatforms) = postSolution
		{84F55A67-E2DA-4590-8F39-3F283A5136B9}.Debug|Any CPU.ActiveCfg = Debug|Any CPU
		{84F55A67-E2DA-4590-8F39-3F283A5136B9}.Debug|Any CPU.Build.0 = Debug|Any CPU
		{84F55A67-E2DA-4590-8F39-3F283A5136B9}.Release|Any CPU.ActiveCfg = Release|Any CPU
		{84F55A67-E2DA-4590-8F39-3F283A5136B9}.Release|Any CPU.Build.0 = Release|Any CPU
		{1C3807C8-E2A9-406B-B11A-D5A7F25539B5}.Debug|Any CPU.ActiveCfg = Debug|Any CPU
		{1C3807C8-E2A9-406B-B11A-D5A7F25539B5}.Debug|Any CPU.Build.0 = Debug|Any CPU
		{1C3807C8-E2A9-406B-B11A-D5A7F25539B5}.Release|Any CPU.ActiveCfg = Release|Any CPU
		{1C3807C8-E2A9-406B-B11A-D5A7F25539B5}.Release|Any CPU.Build.0 = Release|Any CPU
		{BECE2694-9FD6-4330-A902-0283D2718ED9}.Debug|Any CPU.ActiveCfg = Debug|Any CPU
		{BECE2694-9FD6-4330-A902-0283D2718ED9}.Debug|Any CPU.Build.0 = Debug|Any CPU
		{BECE2694-9FD6-4330-A902-0283D2718ED9}.Release|Any CPU.ActiveCfg = Release|Any CPU
		{BECE2694-9FD6-4330-A902-0283D2718ED9}.Release|Any CPU.Build.0 = Release|Any CPU
	EndGlobalSection
	GlobalSection(SolutionProperties) = preSolution
		HideSolutionNode = FALSE
	EndGlobalSection
	GlobalSection(ExtensibilityGlobals) = postSolution
		SolutionGuid = {9FAFD03E-9D02-4C1B-8EED-709204289A89}
	EndGlobalSection
EndGlobal
